// !$*UTF8*$!
{
	archiveVersion = 1;
	classes = {
	};
	objectVersion = 46;
	objects = {

/* Begin PBXBuildFile section */
		B16883E012E1B264B96877AA /* Pods_GooglePlacesPickerExample.framework in Frameworks */ = {isa = PBXBuildFile; fileRef = 5A053957BCE4FDF855F59EB8 /* Pods_GooglePlacesPickerExample.framework */; };
		D74835611C6FB2F100085760 /* AppDelegate.swift in Sources */ = {isa = PBXBuildFile; fileRef = D74835601C6FB2F100085760 /* AppDelegate.swift */; };
		D74835631C6FB2F100085760 /* ViewController.swift in Sources */ = {isa = PBXBuildFile; fileRef = D74835621C6FB2F100085760 /* ViewController.swift */; };
		D74835661C6FB2F100085760 /* Main.storyboard in Resources */ = {isa = PBXBuildFile; fileRef = D74835641C6FB2F100085760 /* Main.storyboard */; };
		D74835681C6FB2F100085760 /* Assets.xcassets in Resources */ = {isa = PBXBuildFile; fileRef = D74835671C6FB2F100085760 /* Assets.xcassets */; };
		D748356B1C6FB2F100085760 /* LaunchScreen.storyboard in Resources */ = {isa = PBXBuildFile; fileRef = D74835691C6FB2F100085760 /* LaunchScreen.storyboard */; };
/* End PBXBuildFile section */

/* Begin PBXFileReference section */
		5A053957BCE4FDF855F59EB8 /* Pods_GooglePlacesPickerExample.framework */ = {isa = PBXFileReference; explicitFileType = wrapper.framework; includeInIndex = 0; path = Pods_GooglePlacesPickerExample.framework; sourceTree = BUILT_PRODUCTS_DIR; };
		5B010C6A4AD54D9F570D7E44 /* Pods-GooglePlacesPickerExample.debug.xcconfig */ = {isa = PBXFileReference; includeInIndex = 1; lastKnownFileType = text.xcconfig; name = "Pods-GooglePlacesPickerExample.debug.xcconfig"; path = "Pods/Target Support Files/Pods-GooglePlacesPickerExample/Pods-GooglePlacesPickerExample.debug.xcconfig"; sourceTree = "<group>"; };
		627FF7C686A8D88C18E4F800 /* Pods-GooglePlacesPickerExample.release.xcconfig */ = {isa = PBXFileReference; includeInIndex = 1; lastKnownFileType = text.xcconfig; name = "Pods-GooglePlacesPickerExample.release.xcconfig"; path = "Pods/Target Support Files/Pods-GooglePlacesPickerExample/Pods-GooglePlacesPickerExample.release.xcconfig"; sourceTree = "<group>"; };
		D748355D1C6FB2F100085760 /* GooglePlacesPickerExample.app */ = {isa = PBXFileReference; explicitFileType = wrapper.application; includeInIndex = 0; path = GooglePlacesPickerExample.app; sourceTree = BUILT_PRODUCTS_DIR; };
		D74835601C6FB2F100085760 /* AppDelegate.swift */ = {isa = PBXFileReference; lastKnownFileType = sourcecode.swift; path = AppDelegate.swift; sourceTree = "<group>"; };
		D74835621C6FB2F100085760 /* ViewController.swift */ = {isa = PBXFileReference; lastKnownFileType = sourcecode.swift; path = ViewController.swift; sourceTree = "<group>"; };
		D74835651C6FB2F100085760 /* Base */ = {isa = PBXFileReference; lastKnownFileType = file.storyboard; name = Base; path = Base.lproj/Main.storyboard; sourceTree = "<group>"; };
		D74835671C6FB2F100085760 /* Assets.xcassets */ = {isa = PBXFileReference; lastKnownFileType = folder.assetcatalog; path = Assets.xcassets; sourceTree = "<group>"; };
		D748356A1C6FB2F100085760 /* Base */ = {isa = PBXFileReference; lastKnownFileType = file.storyboard; name = Base; path = Base.lproj/LaunchScreen.storyboard; sourceTree = "<group>"; };
		D748356C1C6FB2F100085760 /* Info.plist */ = {isa = PBXFileReference; lastKnownFileType = text.plist.xml; path = Info.plist; sourceTree = "<group>"; };
/* End PBXFileReference section */

/* Begin PBXFrameworksBuildPhase section */
		D748355A1C6FB2F100085760 /* Frameworks */ = {
			isa = PBXFrameworksBuildPhase;
			buildActionMask = 2147483647;
			files = (
				B16883E012E1B264B96877AA /* Pods_GooglePlacesPickerExample.framework in Frameworks */,
			);
			runOnlyForDeploymentPostprocessing = 0;
		};
/* End PBXFrameworksBuildPhase section */

/* Begin PBXGroup section */
		366410EC3FAC05E55E06F567 /* Pods */ = {
			isa = PBXGroup;
			children = (
				5B010C6A4AD54D9F570D7E44 /* Pods-GooglePlacesPickerExample.debug.xcconfig */,
				627FF7C686A8D88C18E4F800 /* Pods-GooglePlacesPickerExample.release.xcconfig */,
			);
			name = Pods;
			sourceTree = "<group>";
		};
		D74835541C6FB2F100085760 = {
			isa = PBXGroup;
			children = (
				D748355F1C6FB2F100085760 /* GooglePlacesPickerExample */,
				D748355E1C6FB2F100085760 /* Products */,
				366410EC3FAC05E55E06F567 /* Pods */,
				E2635C1D581BC83492AD3269 /* Frameworks */,
			);
			sourceTree = "<group>";
		};
		D748355E1C6FB2F100085760 /* Products */ = {
			isa = PBXGroup;
			children = (
				D748355D1C6FB2F100085760 /* GooglePlacesPickerExample.app */,
			);
			name = Products;
			sourceTree = "<group>";
		};
		D748355F1C6FB2F100085760 /* GooglePlacesPickerExample */ = {
			isa = PBXGroup;
			children = (
				D74835721C6FB30300085760 /* Supporting Files */,
				D74835621C6FB2F100085760 /* ViewController.swift */,
				D74835641C6FB2F100085760 /* Main.storyboard */,
			);
			path = GooglePlacesPickerExample;
			sourceTree = "<group>";
		};
		D74835721C6FB30300085760 /* Supporting Files */ = {
			isa = PBXGroup;
			children = (
				D748356C1C6FB2F100085760 /* Info.plist */,
				D74835671C6FB2F100085760 /* Assets.xcassets */,
				D74835691C6FB2F100085760 /* LaunchScreen.storyboard */,
				D74835601C6FB2F100085760 /* AppDelegate.swift */,
			);
			name = "Supporting Files";
			sourceTree = "<group>";
		};
		E2635C1D581BC83492AD3269 /* Frameworks */ = {
			isa = PBXGroup;
			children = (
				5A053957BCE4FDF855F59EB8 /* Pods_GooglePlacesPickerExample.framework */,
			);
			name = Frameworks;
			sourceTree = "<group>";
		};
/* End PBXGroup section */

/* Begin PBXNativeTarget section */
		D748355C1C6FB2F100085760 /* GooglePlacesPickerExample */ = {
			isa = PBXNativeTarget;
			buildConfigurationList = D748356F1C6FB2F100085760 /* Build configuration list for PBXNativeTarget "GooglePlacesPickerExample" */;
			buildPhases = (
				E18487E80CEC0454AE35CAAF /* [CP] Check Pods Manifest.lock */,
				D74835591C6FB2F100085760 /* Sources */,
				D748355A1C6FB2F100085760 /* Frameworks */,
				D748355B1C6FB2F100085760 /* Resources */,
				6E2918E7169FC71E1F36F368 /* [CP] Embed Pods Frameworks */,
				4EBB43B756DE8DC98B9095F2 /* [CP] Copy Pods Resources */,
			);
			buildRules = (
			);
			dependencies = (
			);
			name = GooglePlacesPickerExample;
			productName = GooglePlacesPickerExample;
			productReference = D748355D1C6FB2F100085760 /* GooglePlacesPickerExample.app */;
			productType = "com.apple.product-type.application";
		};
/* End PBXNativeTarget section */

/* Begin PBXProject section */
		D74835551C6FB2F100085760 /* Project object */ = {
			isa = PBXProject;
			attributes = {
				LastSwiftUpdateCheck = 0720;
				LastUpgradeCheck = 0820;
				ORGANIZATIONNAME = "Ihor Rapalyuk";
				TargetAttributes = {
					D748355C1C6FB2F100085760 = {
						CreatedOnToolsVersion = 7.2;
						LastSwiftMigration = 0820;
					};
				};
			};
			buildConfigurationList = D74835581C6FB2F100085760 /* Build configuration list for PBXProject "GooglePlacesPickerExample" */;
			compatibilityVersion = "Xcode 3.2";
			developmentRegion = English;
			hasScannedForEncodings = 0;
			knownRegions = (
				en,
				Base,
			);
			mainGroup = D74835541C6FB2F100085760;
			productRefGroup = D748355E1C6FB2F100085760 /* Products */;
			projectDirPath = "";
			projectRoot = "";
			targets = (
				D748355C1C6FB2F100085760 /* GooglePlacesPickerExample */,
			);
		};
/* End PBXProject section */

/* Begin PBXResourcesBuildPhase section */
		D748355B1C6FB2F100085760 /* Resources */ = {
			isa = PBXResourcesBuildPhase;
			buildActionMask = 2147483647;
			files = (
				D748356B1C6FB2F100085760 /* LaunchScreen.storyboard in Resources */,
				D74835681C6FB2F100085760 /* Assets.xcassets in Resources */,
				D74835661C6FB2F100085760 /* Main.storyboard in Resources */,
			);
			runOnlyForDeploymentPostprocessing = 0;
		};
/* End PBXResourcesBuildPhase section */

/* Begin PBXShellScriptBuildPhase section */
		4EBB43B756DE8DC98B9095F2 /* [CP] Copy Pods Resources */ = {
			isa = PBXShellScriptBuildPhase;
			buildActionMask = 2147483647;
			files = (
			);
			inputPaths = (
			);
			name = "[CP] Copy Pods Resources";
			outputPaths = (
			);
			runOnlyForDeploymentPostprocessing = 0;
			shellPath = /bin/sh;
			shellScript = "\"${SRCROOT}/Pods/Target Support Files/Pods-GooglePlacesPickerExample/Pods-GooglePlacesPickerExample-resources.sh\"\n";
			showEnvVarsInLog = 0;
		};
		6E2918E7169FC71E1F36F368 /* [CP] Embed Pods Frameworks */ = {
			isa = PBXShellScriptBuildPhase;
			buildActionMask = 2147483647;
			files = (
			);
			inputPaths = (
			);
			name = "[CP] Embed Pods Frameworks";
			outputPaths = (
			);
			runOnlyForDeploymentPostprocessing = 0;
			shellPath = /bin/sh;
			shellScript = "\"${SRCROOT}/Pods/Target Support Files/Pods-GooglePlacesPickerExample/Pods-GooglePlacesPickerExample-frameworks.sh\"\n";
			showEnvVarsInLog = 0;
		};
		E18487E80CEC0454AE35CAAF /* [CP] Check Pods Manifest.lock */ = {
			isa = PBXShellScriptBuildPhase;
			buildActionMask = 2147483647;
			files = (
			);
			inputPaths = (
			);
			name = "[CP] Check Pods Manifest.lock";
			outputPaths = (
			);
			runOnlyForDeploymentPostprocessing = 0;
			shellPath = /bin/sh;
			shellScript = "diff \"${PODS_ROOT}/../Podfile.lock\" \"${PODS_ROOT}/Manifest.lock\" > /dev/null\nif [ $? != 0 ] ; then\n    # print error to STDERR\n    echo \"error: The sandbox is not in sync with the Podfile.lock. Run 'pod install' or update your CocoaPods installation.\" >&2\n    exit 1\nfi\n";
			showEnvVarsInLog = 0;
		};
/* End PBXShellScriptBuildPhase section */

/* Begin PBXSourcesBuildPhase section */
		D74835591C6FB2F100085760 /* Sources */ = {
			isa = PBXSourcesBuildPhase;
			buildActionMask = 2147483647;
			files = (
				D74835631C6FB2F100085760 /* ViewController.swift in Sources */,
				D74835611C6FB2F100085760 /* AppDelegate.swift in Sources */,
			);
			runOnlyForDeploymentPostprocessing = 0;
		};
/* End PBXSourcesBuildPhase section */

/* Begin PBXVariantGroup section */
		D74835641C6FB2F100085760 /* Main.storyboard */ = {
			isa = PBXVariantGroup;
			children = (
				D74835651C6FB2F100085760 /* Base */,
			);
			name = Main.storyboard;
			sourceTree = "<group>";
		};
		D74835691C6FB2F100085760 /* LaunchScreen.storyboard */ = {
			isa = PBXVariantGroup;
			children = (
				D748356A1C6FB2F100085760 /* Base */,
			);
			name = LaunchScreen.storyboard;
			sourceTree = "<group>";
		};
/* End PBXVariantGroup section */

/* Begin XCBuildConfiguration section */
		D748356D1C6FB2F100085760 /* Debug */ = {
			isa = XCBuildConfiguration;
			buildSettings = {
				ALWAYS_SEARCH_USER_PATHS = NO;
				CLANG_CXX_LANGUAGE_STANDARD = "gnu++0x";
				CLANG_CXX_LIBRARY = "libc++";
				CLANG_ENABLE_MODULES = YES;
				CLANG_ENABLE_OBJC_ARC = YES;
				CLANG_WARN_BOOL_CONVERSION = YES;
				CLANG_WARN_CONSTANT_CONVERSION = YES;
				CLANG_WARN_DIRECT_OBJC_ISA_USAGE = YES_ERROR;
				CLANG_WARN_EMPTY_BODY = YES;
				CLANG_WARN_ENUM_CONVERSION = YES;
				CLANG_WARN_INFINITE_RECURSION = YES;
				CLANG_WARN_INT_CONVERSION = YES;
				CLANG_WARN_OBJC_ROOT_CLASS = YES_ERROR;
				CLANG_WARN_SUSPICIOUS_MOVE = YES;
				CLANG_WARN_UNREACHABLE_CODE = YES;
				CLANG_WARN__DUPLICATE_METHOD_MATCH = YES;
				"CODE_SIGN_IDENTITY[sdk=iphoneos*]" = "iPhone Developer";
				COPY_PHASE_STRIP = NO;
				DEBUG_INFORMATION_FORMAT = dwarf;
				ENABLE_STRICT_OBJC_MSGSEND = YES;
				ENABLE_TESTABILITY = YES;
				GCC_C_LANGUAGE_STANDARD = gnu99;
				GCC_DYNAMIC_NO_PIC = NO;
				GCC_NO_COMMON_BLOCKS = YES;
				GCC_OPTIMIZATION_LEVEL = 0;
				GCC_PREPROCESSOR_DEFINITIONS = (
					"DEBUG=1",
					"$(inherited)",
				);
				GCC_WARN_64_TO_32_BIT_CONVERSION = YES;
				GCC_WARN_ABOUT_RETURN_TYPE = YES_ERROR;
				GCC_WARN_UNDECLARED_SELECTOR = YES;
				GCC_WARN_UNINITIALIZED_AUTOS = YES_AGGRESSIVE;
				GCC_WARN_UNUSED_FUNCTION = YES;
				GCC_WARN_UNUSED_VARIABLE = YES;
				IPHONEOS_DEPLOYMENT_TARGET = 9.2;
				MTL_ENABLE_DEBUG_INFO = YES;
				ONLY_ACTIVE_ARCH = YES;
				SDKROOT = iphoneos;
				SWIFT_OPTIMIZATION_LEVEL = "-Onone";
				TARGETED_DEVICE_FAMILY = "1,2";
			};
			name = Debug;
		};
		D748356E1C6FB2F100085760 /* Release */ = {
			isa = XCBuildConfiguration;
			buildSettings = {
				ALWAYS_SEARCH_USER_PATHS = NO;
				CLANG_CXX_LANGUAGE_STANDARD = "gnu++0x";
				CLANG_CXX_LIBRARY = "libc++";
				CLANG_ENABLE_MODULES = YES;
				CLANG_ENABLE_OBJC_ARC = YES;
				CLANG_WARN_BOOL_CONVERSION = YES;
				CLANG_WARN_CONSTANT_CONVERSION = YES;
				CLANG_WARN_DIRECT_OBJC_ISA_USAGE = YES_ERROR;
				CLANG_WARN_EMPTY_BODY = YES;
				CLANG_WARN_ENUM_CONVERSION = YES;
				CLANG_WARN_INFINITE_RECURSION = YES;
				CLANG_WARN_INT_CONVERSION = YES;
				CLANG_WARN_OBJC_ROOT_CLASS = YES_ERROR;
				CLANG_WARN_SUSPICIOUS_MOVE = YES;
				CLANG_WARN_UNREACHABLE_CODE = YES;
				CLANG_WARN__DUPLICATE_METHOD_MATCH = YES;
				"CODE_SIGN_IDENTITY[sdk=iphoneos*]" = "iPhone Developer";
				COPY_PHASE_STRIP = NO;
				DEBUG_INFORMATION_FORMAT = "dwarf-with-dsym";
				ENABLE_NS_ASSERTIONS = NO;
				ENABLE_STRICT_OBJC_MSGSEND = YES;
				GCC_C_LANGUAGE_STANDARD = gnu99;
				GCC_NO_COMMON_BLOCKS = YES;
				GCC_WARN_64_TO_32_BIT_CONVERSION = YES;
				GCC_WARN_ABOUT_RETURN_TYPE = YES_ERROR;
				GCC_WARN_UNDECLARED_SELECTOR = YES;
				GCC_WARN_UNINITIALIZED_AUTOS = YES_AGGRESSIVE;
				GCC_WARN_UNUSED_FUNCTION = YES;
				GCC_WARN_UNUSED_VARIABLE = YES;
				IPHONEOS_DEPLOYMENT_TARGET = 9.2;
				MTL_ENABLE_DEBUG_INFO = NO;
				SDKROOT = iphoneos;
				SWIFT_OPTIMIZATION_LEVEL = "-Owholemodule";
				TARGETED_DEVICE_FAMILY = "1,2";
				VALIDATE_PRODUCT = YES;
			};
			name = Release;
		};
		D74835701C6FB2F100085760 /* Debug */ = {
			isa = XCBuildConfiguration;
			baseConfigurationReference = 5B010C6A4AD54D9F570D7E44 /* Pods-GooglePlacesPickerExample.debug.xcconfig */;
			buildSettings = {
				ALWAYS_EMBED_SWIFT_STANDARD_LIBRARIES = YES;
				ASSETCATALOG_COMPILER_APPICON_NAME = AppIcon;
				INFOPLIST_FILE = GooglePlacesPickerExample/Info.plist;
				LD_RUNPATH_SEARCH_PATHS = "$(inherited) @executable_path/Frameworks";
				PRODUCT_BUNDLE_IDENTIFIER = com.voidstudio.GooglePlacesPickerExample;
				PRODUCT_NAME = "$(TARGET_NAME)";
				SWIFT_VERSION = 3.0;
			};
			name = Debug;
		};
		D74835711C6FB2F100085760 /* Release */ = {
			isa = XCBuildConfiguration;
			baseConfigurationReference = 627FF7C686A8D88C18E4F800 /* Pods-GooglePlacesPickerExample.release.xcconfig */;
			buildSettings = {
				ALWAYS_EMBED_SWIFT_STANDARD_LIBRARIES = YES;
				ASSETCATALOG_COMPILER_APPICON_NAME = AppIcon;
				INFOPLIST_FILE = GooglePlacesPickerExample/Info.plist;
				LD_RUNPATH_SEARCH_PATHS = "$(inherited) @executable_path/Frameworks";
				PRODUCT_BUNDLE_IDENTIFIER = com.voidstudio.GooglePlacesPickerExample;
				PRODUCT_NAME = "$(TARGET_NAME)";
				SWIFT_VERSION = 3.0;
			};
			name = Release;
		};
/* End XCBuildConfiguration section */

/* Begin XCConfigurationList section */
		D74835581C6FB2F100085760 /* Build configuration list for PBXProject "GooglePlacesPickerExample" */ = {
			isa = XCConfigurationList;
			buildConfigurations = (
				D748356D1C6FB2F100085760 /* Debug */,
				D748356E1C6FB2F100085760 /* Release */,
			);
			defaultConfigurationIsVisible = 0;
			defaultConfigurationName = Release;
		};
		D748356F1C6FB2F100085760 /* Build configuration list for PBXNativeTarget "GooglePlacesPickerExample" */ = {
			isa = XCConfigurationList;
			buildConfigurations = (
				D74835701C6FB2F100085760 /* Debug */,
				D74835711C6FB2F100085760 /* Release */,
			);
			defaultConfigurationIsVisible = 0;
			defaultConfigurationName = Release;
		};
/* End XCConfigurationList section */
	};
	rootObject = D74835551C6FB2F100085760 /* Project object */;
}
